
Microsoft Visual Studio Solution File, Format Version 12.00
# Visual Studio 15
VisualStudioVersion = 15.0.27428.2037
MinimumVisualStudioVersion = 10.0.40219.1
Project("{9A19103F-16F7-4668-BE54-9A1E7A4F7556}") = "ABCSharp", "ABCSharp\ABCSharp.csproj", "{BA7E46CB-7A53-403B-A605-706248C77FBD}"
EndProject
Project("{FAE04EC0-301F-11D3-BF4B-00C04F79EFBC}") = "Testing", "..\Testing\Testing\Testing.csproj", "{2B169D5B-D3EE-4274-B046-8CE9F9910455}"
EndProject
Global
	GlobalSection(SolutionConfigurationPlatforms) = preSolution
		Debug|Any CPU = Debug|Any CPU
		Release|Any CPU = Release|Any CPU
	EndGlobalSection
	GlobalSection(ProjectConfigurationPlatforms) = postSolution
		{BA7E46CB-7A53-403B-A605-706248C77FBD}.Debug|Any CPU.ActiveCfg = Debug|Any CPU
		{BA7E46CB-7A53-403B-A605-706248C77FBD}.Debug|Any CPU.Build.0 = Debug|Any CPU
		{BA7E46CB-7A53-403B-A605-706248C77FBD}.Release|Any CPU.ActiveCfg = Release|Any CPU
		{BA7E46CB-7A53-403B-A605-706248C77FBD}.Release|Any CPU.Build.0 = Release|Any CPU
		{2B169D5B-D3EE-4274-B046-8CE9F9910455}.Debug|Any CPU.ActiveCfg = Debug|Any CPU
		{2B169D5B-D3EE-4274-B046-8CE9F9910455}.Debug|Any CPU.Build.0 = Debug|Any CPU
		{2B169D5B-D3EE-4274-B046-8CE9F9910455}.Release|Any CPU.ActiveCfg = Release|Any CPU
		{2B169D5B-D3EE-4274-B046-8CE9F9910455}.Release|Any CPU.Build.0 = Release|Any CPU
	EndGlobalSection
	GlobalSection(SolutionProperties) = preSolution
		HideSolutionNode = FALSE
	EndGlobalSection
	GlobalSection(ExtensibilityGlobals) = postSolution
		SolutionGuid = {A156491F-CDCE-4122-A4EE-D131D595AB1D}
	EndGlobalSection
EndGlobal
